
Microsoft Visual Studio Solution File, Format Version 12.00
# Visual Studio 15
VisualStudioVersion = 15.0.27130.2020
MinimumVisualStudioVersion = 10.0.40219.1
Project("{FAE04EC0-301F-11D3-BF4B-00C04F79EFBC}") = "Snake_Stage1", "Snake_Stage1\Snake_Stage1.csproj", "{5B8A943D-0D54-4405-951E-69BFAF2F821E}"
EndProject
Global
	GlobalSection(SolutionConfigurationPlatforms) = preSolution
		Debug|Any CPU = Debug|Any CPU
		Release|Any CPU = Release|Any CPU
	EndGlobalSection
	GlobalSection(ProjectConfigurationPlatforms) = postSolution
		{5B8A943D-0D54-4405-951E-69BFAF2F821E}.Debug|Any CPU.ActiveCfg = Debug|Any CPU
		{5B8A943D-0D54-4405-951E-69BFAF2F821E}.Debug|Any CPU.Build.0 = Debug|Any CPU
		{5B8A943D-0D54-4405-951E-69BFAF2F821E}.Release|Any CPU.ActiveCfg = Release|Any CPU
		{5B8A943D-0D54-4405-951E-69BFAF2F821E}.Release|Any CPU.Build.0 = Release|Any CPU
	EndGlobalSection
	GlobalSection(SolutionProperties) = preSolution
		HideSolutionNode = FALSE
	EndGlobalSection
	GlobalSection(ExtensibilityGlobals) = postSolution
		SolutionGuid = {359DA87C-090E-4E79-88C3-A1AD50434085}
	EndGlobalSection
EndGlobal
