
Microsoft Visual Studio Solution File, Format Version 12.00
# Visual Studio 15
VisualStudioVersion = 15.0.27130.2020
MinimumVisualStudioVersion = 10.0.40219.1
Project("{FAE04EC0-301F-11D3-BF4B-00C04F79EFBC}") = "Example2", "Example2\Example2.csproj", "{D4151C1A-006D-4F82-BEFC-8DD435970648}"
EndProject
Global
	GlobalSection(SolutionConfigurationPlatforms) = preSolution
		Debug|Any CPU = Debug|Any CPU
		Release|Any CPU = Release|Any CPU
	EndGlobalSection
	GlobalSection(ProjectConfigurationPlatforms) = postSolution
		{D4151C1A-006D-4F82-BEFC-8DD435970648}.Debug|Any CPU.ActiveCfg = Debug|Any CPU
		{D4151C1A-006D-4F82-BEFC-8DD435970648}.Debug|Any CPU.Build.0 = Debug|Any CPU
		{D4151C1A-006D-4F82-BEFC-8DD435970648}.Release|Any CPU.ActiveCfg = Release|Any CPU
		{D4151C1A-006D-4F82-BEFC-8DD435970648}.Release|Any CPU.Build.0 = Release|Any CPU
	EndGlobalSection
	GlobalSection(SolutionProperties) = preSolution
		HideSolutionNode = FALSE
	EndGlobalSection
	GlobalSection(ExtensibilityGlobals) = postSolution
		SolutionGuid = {6BE2B5D4-0FCB-423C-AA48-AB0DEE7C1C79}
	EndGlobalSection
EndGlobal
