
Microsoft Visual Studio Solution File, Format Version 12.00
# Visual Studio 15
VisualStudioVersion = 15.0.27130.2020
MinimumVisualStudioVersion = 10.0.40219.1
Project("{FAE04EC0-301F-11D3-BF4B-00C04F79EFBC}") = "Clock", "Clock\Clock.csproj", "{DDE5CC48-E195-4316-B7CF-339CD30FFD2C}"
EndProject
Global
	GlobalSection(SolutionConfigurationPlatforms) = preSolution
		Debug|Any CPU = Debug|Any CPU
		Release|Any CPU = Release|Any CPU
	EndGlobalSection
	GlobalSection(ProjectConfigurationPlatforms) = postSolution
		{DDE5CC48-E195-4316-B7CF-339CD30FFD2C}.Debug|Any CPU.ActiveCfg = Debug|Any CPU
		{DDE5CC48-E195-4316-B7CF-339CD30FFD2C}.Debug|Any CPU.Build.0 = Debug|Any CPU
		{DDE5CC48-E195-4316-B7CF-339CD30FFD2C}.Release|Any CPU.ActiveCfg = Release|Any CPU
		{DDE5CC48-E195-4316-B7CF-339CD30FFD2C}.Release|Any CPU.Build.0 = Release|Any CPU
	EndGlobalSection
	GlobalSection(SolutionProperties) = preSolution
		HideSolutionNode = FALSE
	EndGlobalSection
	GlobalSection(ExtensibilityGlobals) = postSolution
		SolutionGuid = {11AC1705-2E95-404D-BC64-133F1A8B507B}
	EndGlobalSection
EndGlobal
