
Microsoft Visual Studio Solution File, Format Version 12.00
# Visual Studio 15
VisualStudioVersion = 15.0.27130.2020
MinimumVisualStudioVersion = 10.0.40219.1
Project("{FAE04EC0-301F-11D3-BF4B-00C04F79EFBC}") = "Task3", "Task3\Task3.csproj", "{468FEBB4-6AC8-4ACA-961D-3126DF6BA950}"
EndProject
Global
	GlobalSection(SolutionConfigurationPlatforms) = preSolution
		Debug|Any CPU = Debug|Any CPU
		Release|Any CPU = Release|Any CPU
	EndGlobalSection
	GlobalSection(ProjectConfigurationPlatforms) = postSolution
		{468FEBB4-6AC8-4ACA-961D-3126DF6BA950}.Debug|Any CPU.ActiveCfg = Debug|Any CPU
		{468FEBB4-6AC8-4ACA-961D-3126DF6BA950}.Debug|Any CPU.Build.0 = Debug|Any CPU
		{468FEBB4-6AC8-4ACA-961D-3126DF6BA950}.Release|Any CPU.ActiveCfg = Release|Any CPU
		{468FEBB4-6AC8-4ACA-961D-3126DF6BA950}.Release|Any CPU.Build.0 = Release|Any CPU
	EndGlobalSection
	GlobalSection(SolutionProperties) = preSolution
		HideSolutionNode = FALSE
	EndGlobalSection
	GlobalSection(ExtensibilityGlobals) = postSolution
		SolutionGuid = {E2C38112-9FBA-4EC9-8871-CE2DD03C2261}
	EndGlobalSection
EndGlobal
