
Microsoft Visual Studio Solution File, Format Version 12.00
# Visual Studio 15
VisualStudioVersion = 15.0.27130.2020
MinimumVisualStudioVersion = 10.0.40219.1
Project("{FAE04EC0-301F-11D3-BF4B-00C04F79EFBC}") = "Example3", "Example3\Example3.csproj", "{DC66173C-393A-42D3-BC82-389E62165AD8}"
EndProject
Global
	GlobalSection(SolutionConfigurationPlatforms) = preSolution
		Debug|Any CPU = Debug|Any CPU
		Release|Any CPU = Release|Any CPU
	EndGlobalSection
	GlobalSection(ProjectConfigurationPlatforms) = postSolution
		{DC66173C-393A-42D3-BC82-389E62165AD8}.Debug|Any CPU.ActiveCfg = Debug|Any CPU
		{DC66173C-393A-42D3-BC82-389E62165AD8}.Debug|Any CPU.Build.0 = Debug|Any CPU
		{DC66173C-393A-42D3-BC82-389E62165AD8}.Release|Any CPU.ActiveCfg = Release|Any CPU
		{DC66173C-393A-42D3-BC82-389E62165AD8}.Release|Any CPU.Build.0 = Release|Any CPU
	EndGlobalSection
	GlobalSection(SolutionProperties) = preSolution
		HideSolutionNode = FALSE
	EndGlobalSection
	GlobalSection(ExtensibilityGlobals) = postSolution
		SolutionGuid = {63673EB3-AB07-4993-88FC-10F2B9E5BD13}
	EndGlobalSection
EndGlobal
