
Microsoft Visual Studio Solution File, Format Version 12.00
# Visual Studio 15
VisualStudioVersion = 15.0.27130.2020
MinimumVisualStudioVersion = 10.0.40219.1
Project("{FAE04EC0-301F-11D3-BF4B-00C04F79EFBC}") = "ProgramFar", "ProgramFar\ProgramFar.csproj", "{68C3F9DE-D3A2-45E4-8402-504F56177F8B}"
EndProject
Global
	GlobalSection(SolutionConfigurationPlatforms) = preSolution
		Debug|Any CPU = Debug|Any CPU
		Release|Any CPU = Release|Any CPU
	EndGlobalSection
	GlobalSection(ProjectConfigurationPlatforms) = postSolution
		{68C3F9DE-D3A2-45E4-8402-504F56177F8B}.Debug|Any CPU.ActiveCfg = Debug|Any CPU
		{68C3F9DE-D3A2-45E4-8402-504F56177F8B}.Debug|Any CPU.Build.0 = Debug|Any CPU
		{68C3F9DE-D3A2-45E4-8402-504F56177F8B}.Release|Any CPU.ActiveCfg = Release|Any CPU
		{68C3F9DE-D3A2-45E4-8402-504F56177F8B}.Release|Any CPU.Build.0 = Release|Any CPU
	EndGlobalSection
	GlobalSection(SolutionProperties) = preSolution
		HideSolutionNode = FALSE
	EndGlobalSection
	GlobalSection(ExtensibilityGlobals) = postSolution
		SolutionGuid = {508DFC5C-2618-4E5D-91AD-AE5FC75F3B5C}
	EndGlobalSection
EndGlobal
